// !$*UTF8*$!
{
	archiveVersion = 1;
	classes = {
	};
	objectVersion = 56;
	objects = {

/* Begin PBXBuildFile section */
		191063C0FB80E6BB52A1E3D0 /* FacilityAnnotationView.swift in Sources */ = {isa = PBXBuildFile; fileRef = DC0F56E579DF515E3C30C55F /* FacilityAnnotationView.swift */; };
		284E3C76D2C8EA545D5E83EA /* Logger.swift in Sources */ = {isa = PBXBuildFile; fileRef = 35EBDF0112E44416898A7FCC /* Logger.swift */; };
		3130C2334D8C4D3F2BCA6EEF /* MeetupPinAnnotationView.swift in Sources */ = {isa = PBXBuildFile; fileRef = D5DF3A50BE907782B4154A02 /* MeetupPinAnnotationView.swift */; };
		34C778E2AF623D621FAF0FB0 /* NearestFacilityView.swift in Sources */ = {isa = PBXBuildFile; fileRef = B9461A15400A977C8CCE3DF8 /* NearestFacilityView.swift */; };
		51CF225CE78AD13497333411 /* AppleAuthService.swift in Sources */ = {isa = PBXBuildFile; fileRef = 82D950024CB9E274C8CDDB8E /* AppleAuthService.swift */; };
		5ADFC9427F1529C696F03214 /* MeetupPinSheet.swift in Sources */ = {isa = PBXBuildFile; fileRef = 7B5B92B291AC48A8D6D27A16 /* MeetupPinSheet.swift */; };
		6C83B227D2B4A5135E5EFD92 /* CompassArrowView.swift in Sources */ = {isa = PBXBuildFile; fileRef = 8F5F60D5A0655FD44ACF2A81 /* CompassArrowView.swift */; };
		7E75DDADCAEE5E0BD23B9B59 /* UserStatus.swift in Sources */ = {isa = PBXBuildFile; fileRef = 1559BEEC51BB1B6BD87AB51B /* UserStatus.swift */; };
		860AB547076DC66D990AD42F /* Facility.swift in Sources */ = {isa = PBXBuildFile; fileRef = 32811D64DD5DAF9365935C02 /* Facility.swift */; };
		9CBB535C5AA864557A90B02D /* OfflineMapsView.swift in Sources */ = {isa = PBXBuildFile; fileRef = 4E23BF3E3DAEE5180A176507 /* OfflineMapsView.swift */; };
		9CDA09B654F9D71347442C1D /* FestivalVenue.swift in Sources */ = {isa = PBXBuildFile; fileRef = 6D31BB2C948F6355357CDB65 /* FestivalVenue.swift */; };
		AB4661981DEB57F5F4C010B5 /* StatusBadgeView.swift in Sources */ = {isa = PBXBuildFile; fileRef = 4AB300A529F3B2EE8EB97A0E /* StatusBadgeView.swift */; };
		B0067691B1A8879982572508 /* MeetupPin.swift in Sources */ = {isa = PBXBuildFile; fileRef = B18892BD3FD344CE44117EA5 /* MeetupPin.swift */; };
		B9076D0E6E68951001E57877 /* TermsOfServiceView.swift in Sources */ = {isa = PBXBuildFile; fileRef = 3032CF85A85E48273BE1F9A7 /* TermsOfServiceView.swift */; };
		C64ECA9B094221DC27DA0605 /* FacilityFilterBar.swift in Sources */ = {isa = PBXBuildFile; fileRef = 5FF27C8C8D847ECE4366383E /* FacilityFilterBar.swift */; };
		CE9A4401F4C134150AF3BC3A /* PrivacyPolicyView.swift in Sources */ = {isa = PBXBuildFile; fileRef = 72F32915774BD3B194646905 /* PrivacyPolicyView.swift */; };
		D1B8D73A257EBA46E0E9003B /* OfflineMapService.swift in Sources */ = {isa = PBXBuildFile; fileRef = ED423ECB54015D8469849A7E /* OfflineMapService.swift */; };
		D95786093BF97D77316E6BDA /* ProximityHapticsManager.swift in Sources */ = {isa = PBXBuildFile; fileRef = C31DAA4D43D20183091F3EAE /* ProximityHapticsManager.swift */; };
		E1D7A3E9088291E95CC419E6 /* StatusPickerView.swift in Sources */ = {isa = PBXBuildFile; fileRef = 4173C3AFFFF0D531044B121B /* StatusPickerView.swift */; };
		F80DF14C344780E2743AA3F4 /* FacilityDetailSheet.swift in Sources */ = {isa = PBXBuildFile; fileRef = B4EAC8CAB10A1319CA039C7D /* FacilityDetailSheet.swift */; };
		FA000001 /* FestivAirApp.swift in Sources */ = {isa = PBXBuildFile; fileRef = FA100001 /* FestivAirApp.swift */; };
		FA000002 /* AppDelegate.swift in Sources */ = {isa = PBXBuildFile; fileRef = FA100002 /* AppDelegate.swift */; };
		FA000003 /* User.swift in Sources */ = {isa = PBXBuildFile; fileRef = FA100003 /* User.swift */; };
		FA000004 /* Squad.swift in Sources */ = {isa = PBXBuildFile; fileRef = FA100004 /* Squad.swift */; };
		FA000005 /* Event.swift in Sources */ = {isa = PBXBuildFile; fileRef = FA100005 /* Event.swift */; };
		FA000006 /* SetTime.swift in Sources */ = {isa = PBXBuildFile; fileRef = FA100006 /* SetTime.swift */; };
		FA000007 /* ChatMessage.swift in Sources */ = {isa = PBXBuildFile; fileRef = FA100007 /* ChatMessage.swift */; };
		FA000008 /* MeshNetworkManager.swift in Sources */ = {isa = PBXBuildFile; fileRef = FA100008 /* MeshNetworkManager.swift */; };
		FA000009 /* MeshCoordinator.swift in Sources */ = {isa = PBXBuildFile; fileRef = FA100009 /* MeshCoordinator.swift */; };
		FA000010 /* LocationManager.swift in Sources */ = {isa = PBXBuildFile; fileRef = FA100010 /* LocationManager.swift */; };
		FA000011 /* GatewayManager.swift in Sources */ = {isa = PBXBuildFile; fileRef = FA100011 /* GatewayManager.swift */; };
		FA000012 /* CloudKitService.swift in Sources */ = {isa = PBXBuildFile; fileRef = FA100012 /* CloudKitService.swift */; };
		FA000013 /* SyncEngine.swift in Sources */ = {isa = PBXBuildFile; fileRef = FA100013 /* SyncEngine.swift */; };
		FA000014 /* NotificationManager.swift in Sources */ = {isa = PBXBuildFile; fileRef = FA100014 /* NotificationManager.swift */; };
		FA000015 /* PeerTracker.swift in Sources */ = {isa = PBXBuildFile; fileRef = FA100015 /* PeerTracker.swift */; };
		FA000016 /* SquadViewModel.swift in Sources */ = {isa = PBXBuildFile; fileRef = FA100016 /* SquadViewModel.swift */; };
		FA000017 /* ChatViewModel.swift in Sources */ = {isa = PBXBuildFile; fileRef = FA100017 /* ChatViewModel.swift */; };
		FA000018 /* MapViewModel.swift in Sources */ = {isa = PBXBuildFile; fileRef = FA100018 /* MapViewModel.swift */; };
		FA000019 /* SetTimesViewModel.swift in Sources */ = {isa = PBXBuildFile; fileRef = FA100019 /* SetTimesViewModel.swift */; };
		FA000020 /* ContentView.swift in Sources */ = {isa = PBXBuildFile; fileRef = FA100020 /* ContentView.swift */; };
		FA000021 /* OnboardingView.swift in Sources */ = {isa = PBXBuildFile; fileRef = FA100021 /* OnboardingView.swift */; };
		FA000022 /* SquadMapView.swift in Sources */ = {isa = PBXBuildFile; fileRef = FA100022 /* SquadMapView.swift */; };
		FA000023 /* MemberListView.swift in Sources */ = {isa = PBXBuildFile; fileRef = FA100023 /* MemberListView.swift */; };
		FA000024 /* JoinSquadView.swift in Sources */ = {isa = PBXBuildFile; fileRef = FA100024 /* JoinSquadView.swift */; };
		FA000025 /* QRCodeView.swift in Sources */ = {isa = PBXBuildFile; fileRef = FA100025 /* QRCodeView.swift */; };
		FA000026 /* ChatView.swift in Sources */ = {isa = PBXBuildFile; fileRef = FA100026 /* ChatView.swift */; };
		FA000027 /* SetTimesView.swift in Sources */ = {isa = PBXBuildFile; fileRef = FA100027 /* SetTimesView.swift */; };
		FA000028 /* SettingsView.swift in Sources */ = {isa = PBXBuildFile; fileRef = FA100028 /* SettingsView.swift */; };
		FA000029 /* Constants.swift in Sources */ = {isa = PBXBuildFile; fileRef = FA100029 /* Constants.swift */; };
		FA000030 /* Extensions.swift in Sources */ = {isa = PBXBuildFile; fileRef = FA100030 /* Extensions.swift */; };
		FA000031 /* Assets.xcassets in Resources */ = {isa = PBXBuildFile; fileRef = FA100031 /* Assets.xcassets */; };
		FA000032 /* sample_festivals.json in Resources */ = {isa = PBXBuildFile; fileRef = FA100032 /* sample_festivals.json */; };
		FA000033 /* ImageCacheService.swift in Sources */ = {isa = PBXBuildFile; fileRef = FA100035 /* ImageCacheService.swift */; };
		FA000034 /* ProfileView.swift in Sources */ = {isa = PBXBuildFile; fileRef = FA100036 /* ProfileView.swift */; };
		FA000035 /* EditProfileView.swift in Sources */ = {isa = PBXBuildFile; fileRef = FA100037 /* EditProfileView.swift */; };
		FA000036 /* SubscriptionManager.swift in Sources */ = {isa = PBXBuildFile; fileRef = FA100038 /* SubscriptionManager.swift */; };
		FA000037 /* PaywallView.swift in Sources */ = {isa = PBXBuildFile; fileRef = FA100039 /* PaywallView.swift */; };
		FA000038 /* Party.swift in Sources */ = {isa = PBXBuildFile; fileRef = FA100040 /* Party.swift */; };
		FA000039 /* PartyAttendee.swift in Sources */ = {isa = PBXBuildFile; fileRef = FA100041 /* PartyAttendee.swift */; };
		FA000040 /* PartiesViewModel.swift in Sources */ = {isa = PBXBuildFile; fileRef = FA100042 /* PartiesViewModel.swift */; };
		FA000041 /* PartiesView.swift in Sources */ = {isa = PBXBuildFile; fileRef = FA100043 /* PartiesView.swift */; };
		FA000042 /* PartyDetailView.swift in Sources */ = {isa = PBXBuildFile; fileRef = FA100044 /* PartyDetailView.swift */; };
		FA000043 /* CreatePartyView.swift in Sources */ = {isa = PBXBuildFile; fileRef = FA100045 /* CreatePartyView.swift */; };
		FA000044 /* HostDashboardView.swift in Sources */ = {isa = PBXBuildFile; fileRef = FA100046 /* HostDashboardView.swift */; };
		FA000045 /* SponsorActivation.swift in Sources */ = {isa = PBXBuildFile; fileRef = FA100047 /* SponsorActivation.swift */; };
		FA000046 /* SponsorService.swift in Sources */ = {isa = PBXBuildFile; fileRef = FA100048 /* SponsorService.swift */; };
		FA000047 /* AnalyticsService.swift in Sources */ = {isa = PBXBuildFile; fileRef = FA100049 /* AnalyticsService.swift */; };
		FA000048 /* FestivalSummaryView.swift in Sources */ = {isa = PBXBuildFile; fileRef = FA100050 /* FestivalSummaryView.swift */; };
		FA000060 /* DebugLogger.swift in Sources */ = {isa = PBXBuildFile; fileRef = FA100060 /* DebugLogger.swift */; };
		FA000061 /* KeychainHelper.swift in Sources */ = {isa = PBXBuildFile; fileRef = FA100061 /* KeychainHelper.swift */; };
/* End PBXBuildFile section */

/* Begin PBXFileReference section */
		1559BEEC51BB1B6BD87AB51B /* UserStatus.swift */ = {isa = PBXFileReference; includeInIndex = 1; lastKnownFileType = sourcecode.swift; path = UserStatus.swift; sourceTree = "<group>"; };
		3032CF85A85E48273BE1F9A7 /* TermsOfServiceView.swift */ = {isa = PBXFileReference; includeInIndex = 1; lastKnownFileType = sourcecode.swift; name = TermsOfServiceView.swift; path = Views/Settings/TermsOfServiceView.swift; sourceTree = "<group>"; };
		32811D64DD5DAF9365935C02 /* Facility.swift */ = {isa = PBXFileReference; includeInIndex = 1; lastKnownFileType = sourcecode.swift; path = Facility.swift; sourceTree = "<group>"; };
		35EBDF0112E44416898A7FCC /* Logger.swift */ = {isa = PBXFileReference; includeInIndex = 1; lastKnownFileType = sourcecode.swift; path = Logger.swift; sourceTree = "<group>"; };
		4173C3AFFFF0D531044B121B /* StatusPickerView.swift */ = {isa = PBXFileReference; includeInIndex = 1; lastKnownFileType = sourcecode.swift; path = StatusPickerView.swift; sourceTree = "<group>"; };
		4AB300A529F3B2EE8EB97A0E /* StatusBadgeView.swift */ = {isa = PBXFileReference; includeInIndex = 1; lastKnownFileType = sourcecode.swift; path = StatusBadgeView.swift; sourceTree = "<group>"; };
		4E23BF3E3DAEE5180A176507 /* OfflineMapsView.swift */ = {isa = PBXFileReference; includeInIndex = 1; lastKnownFileType = sourcecode.swift; path = OfflineMapsView.swift; sourceTree = "<group>"; };
		5FF27C8C8D847ECE4366383E /* FacilityFilterBar.swift */ = {isa = PBXFileReference; includeInIndex = 1; lastKnownFileType = sourcecode.swift; path = FacilityFilterBar.swift; sourceTree = "<group>"; };
		6D31BB2C948F6355357CDB65 /* FestivalVenue.swift */ = {isa = PBXFileReference; includeInIndex = 1; lastKnownFileType = sourcecode.swift; path = FestivalVenue.swift; sourceTree = "<group>"; };
		72F32915774BD3B194646905 /* PrivacyPolicyView.swift */ = {isa = PBXFileReference; includeInIndex = 1; lastKnownFileType = sourcecode.swift; name = PrivacyPolicyView.swift; path = Views/Settings/PrivacyPolicyView.swift; sourceTree = "<group>"; };
		7B5B92B291AC48A8D6D27A16 /* MeetupPinSheet.swift */ = {isa = PBXFileReference; includeInIndex = 1; lastKnownFileType = sourcecode.swift; path = MeetupPinSheet.swift; sourceTree = "<group>"; };
		82D950024CB9E274C8CDDB8E /* AppleAuthService.swift */ = {isa = PBXFileReference; includeInIndex = 1; lastKnownFileType = sourcecode.swift; path = AppleAuthService.swift; sourceTree = "<group>"; };
		8F5F60D5A0655FD44ACF2A81 /* CompassArrowView.swift */ = {isa = PBXFileReference; includeInIndex = 1; lastKnownFileType = sourcecode.swift; path = CompassArrowView.swift; sourceTree = "<group>"; };
		B18892BD3FD344CE44117EA5 /* MeetupPin.swift */ = {isa = PBXFileReference; includeInIndex = 1; lastKnownFileType = sourcecode.swift; path = MeetupPin.swift; sourceTree = "<group>"; };
		B4EAC8CAB10A1319CA039C7D /* FacilityDetailSheet.swift */ = {isa = PBXFileReference; includeInIndex = 1; lastKnownFileType = sourcecode.swift; path = FacilityDetailSheet.swift; sourceTree = "<group>"; };
		B9461A15400A977C8CCE3DF8 /* NearestFacilityView.swift */ = {isa = PBXFileReference; includeInIndex = 1; lastKnownFileType = sourcecode.swift; path = NearestFacilityView.swift; sourceTree = "<group>"; };
		C31DAA4D43D20183091F3EAE /* ProximityHapticsManager.swift */ = {isa = PBXFileReference; includeInIndex = 1; lastKnownFileType = sourcecode.swift; path = ProximityHapticsManager.swift; sourceTree = "<group>"; };
		D5DF3A50BE907782B4154A02 /* MeetupPinAnnotationView.swift */ = {isa = PBXFileReference; includeInIndex = 1; lastKnownFileType = sourcecode.swift; path = MeetupPinAnnotationView.swift; sourceTree = "<group>"; };
		DC0F56E579DF515E3C30C55F /* FacilityAnnotationView.swift */ = {isa = PBXFileReference; includeInIndex = 1; lastKnownFileType = sourcecode.swift; path = FacilityAnnotationView.swift; sourceTree = "<group>"; };
		ED423ECB54015D8469849A7E /* OfflineMapService.swift */ = {isa = PBXFileReference; includeInIndex = 1; lastKnownFileType = sourcecode.swift; path = OfflineMapService.swift; sourceTree = "<group>"; };
		FA100001 /* FestivAirApp.swift */ = {isa = PBXFileReference; lastKnownFileType = sourcecode.swift; path = FestivAirApp.swift; sourceTree = "<group>"; };
		FA100002 /* AppDelegate.swift */ = {isa = PBXFileReference; lastKnownFileType = sourcecode.swift; path = AppDelegate.swift; sourceTree = "<group>"; };
		FA100003 /* User.swift */ = {isa = PBXFileReference; lastKnownFileType = sourcecode.swift; path = User.swift; sourceTree = "<group>"; };
		FA100004 /* Squad.swift */ = {isa = PBXFileReference; lastKnownFileType = sourcecode.swift; path = Squad.swift; sourceTree = "<group>"; };
		FA100005 /* Event.swift */ = {isa = PBXFileReference; lastKnownFileType = sourcecode.swift; path = Event.swift; sourceTree = "<group>"; };
		FA100006 /* SetTime.swift */ = {isa = PBXFileReference; lastKnownFileType = sourcecode.swift; path = SetTime.swift; sourceTree = "<group>"; };
		FA100007 /* ChatMessage.swift */ = {isa = PBXFileReference; lastKnownFileType = sourcecode.swift; path = ChatMessage.swift; sourceTree = "<group>"; };
		FA100008 /* MeshNetworkManager.swift */ = {isa = PBXFileReference; lastKnownFileType = sourcecode.swift; path = MeshNetworkManager.swift; sourceTree = "<group>"; };
		FA100009 /* MeshCoordinator.swift */ = {isa = PBXFileReference; lastKnownFileType = sourcecode.swift; path = MeshCoordinator.swift; sourceTree = "<group>"; };
		FA100010 /* LocationManager.swift */ = {isa = PBXFileReference; lastKnownFileType = sourcecode.swift; path = LocationManager.swift; sourceTree = "<group>"; };
		FA100011 /* GatewayManager.swift */ = {isa = PBXFileReference; lastKnownFileType = sourcecode.swift; path = GatewayManager.swift; sourceTree = "<group>"; };
		FA100012 /* CloudKitService.swift */ = {isa = PBXFileReference; lastKnownFileType = sourcecode.swift; path = CloudKitService.swift; sourceTree = "<group>"; };
		FA100013 /* SyncEngine.swift */ = {isa = PBXFileReference; lastKnownFileType = sourcecode.swift; path = SyncEngine.swift; sourceTree = "<group>"; };
		FA100014 /* NotificationManager.swift */ = {isa = PBXFileReference; lastKnownFileType = sourcecode.swift; path = NotificationManager.swift; sourceTree = "<group>"; };
		FA100015 /* PeerTracker.swift */ = {isa = PBXFileReference; lastKnownFileType = sourcecode.swift; path = PeerTracker.swift; sourceTree = "<group>"; };
		FA100016 /* SquadViewModel.swift */ = {isa = PBXFileReference; lastKnownFileType = sourcecode.swift; path = SquadViewModel.swift; sourceTree = "<group>"; };
		FA100017 /* ChatViewModel.swift */ = {isa = PBXFileReference; lastKnownFileType = sourcecode.swift; path = ChatViewModel.swift; sourceTree = "<group>"; };
		FA100018 /* MapViewModel.swift */ = {isa = PBXFileReference; lastKnownFileType = sourcecode.swift; path = MapViewModel.swift; sourceTree = "<group>"; };
		FA100019 /* SetTimesViewModel.swift */ = {isa = PBXFileReference; lastKnownFileType = sourcecode.swift; path = SetTimesViewModel.swift; sourceTree = "<group>"; };
		FA100020 /* ContentView.swift */ = {isa = PBXFileReference; lastKnownFileType = sourcecode.swift; path = ContentView.swift; sourceTree = "<group>"; };
		FA100021 /* OnboardingView.swift */ = {isa = PBXFileReference; lastKnownFileType = sourcecode.swift; path = OnboardingView.swift; sourceTree = "<group>"; };
		FA100022 /* SquadMapView.swift */ = {isa = PBXFileReference; lastKnownFileType = sourcecode.swift; path = SquadMapView.swift; sourceTree = "<group>"; };
		FA100023 /* MemberListView.swift */ = {isa = PBXFileReference; lastKnownFileType = sourcecode.swift; path = MemberListView.swift; sourceTree = "<group>"; };
		FA100024 /* JoinSquadView.swift */ = {isa = PBXFileReference; lastKnownFileType = sourcecode.swift; path = JoinSquadView.swift; sourceTree = "<group>"; };
		FA100025 /* QRCodeView.swift */ = {isa = PBXFileReference; lastKnownFileType = sourcecode.swift; path = QRCodeView.swift; sourceTree = "<group>"; };
		FA100026 /* ChatView.swift */ = {isa = PBXFileReference; lastKnownFileType = sourcecode.swift; path = ChatView.swift; sourceTree = "<group>"; };
		FA100027 /* SetTimesView.swift */ = {isa = PBXFileReference; lastKnownFileType = sourcecode.swift; path = SetTimesView.swift; sourceTree = "<group>"; };
		FA100028 /* SettingsView.swift */ = {isa = PBXFileReference; lastKnownFileType = sourcecode.swift; path = SettingsView.swift; sourceTree = "<group>"; };
		FA100029 /* Constants.swift */ = {isa = PBXFileReference; lastKnownFileType = sourcecode.swift; path = Constants.swift; sourceTree = "<group>"; };
		FA100030 /* Extensions.swift */ = {isa = PBXFileReference; lastKnownFileType = sourcecode.swift; path = Extensions.swift; sourceTree = "<group>"; };
		FA100031 /* Assets.xcassets */ = {isa = PBXFileReference; lastKnownFileType = folder.assetcatalog; path = Assets.xcassets; sourceTree = "<group>"; };
		FA100032 /* sample_festivals.json */ = {isa = PBXFileReference; lastKnownFileType = text.json; path = sample_festivals.json; sourceTree = "<group>"; };
		FA100033 /* FestivAir.entitlements */ = {isa = PBXFileReference; lastKnownFileType = text.plist.entitlements; path = FestivAir.entitlements; sourceTree = "<group>"; };
		FA100034 /* Info.plist */ = {isa = PBXFileReference; lastKnownFileType = text.plist.xml; path = Info.plist; sourceTree = "<group>"; };
		FA100035 /* ImageCacheService.swift */ = {isa = PBXFileReference; lastKnownFileType = sourcecode.swift; path = ImageCacheService.swift; sourceTree = "<group>"; };
		FA100036 /* ProfileView.swift */ = {isa = PBXFileReference; lastKnownFileType = sourcecode.swift; path = ProfileView.swift; sourceTree = "<group>"; };
		FA100037 /* EditProfileView.swift */ = {isa = PBXFileReference; lastKnownFileType = sourcecode.swift; path = EditProfileView.swift; sourceTree = "<group>"; };
		FA100038 /* SubscriptionManager.swift */ = {isa = PBXFileReference; lastKnownFileType = sourcecode.swift; path = SubscriptionManager.swift; sourceTree = "<group>"; };
		FA100039 /* PaywallView.swift */ = {isa = PBXFileReference; lastKnownFileType = sourcecode.swift; path = PaywallView.swift; sourceTree = "<group>"; };
		FA100040 /* Party.swift */ = {isa = PBXFileReference; lastKnownFileType = sourcecode.swift; path = Party.swift; sourceTree = "<group>"; };
		FA100041 /* PartyAttendee.swift */ = {isa = PBXFileReference; lastKnownFileType = sourcecode.swift; path = PartyAttendee.swift; sourceTree = "<group>"; };
		FA100042 /* PartiesViewModel.swift */ = {isa = PBXFileReference; lastKnownFileType = sourcecode.swift; path = PartiesViewModel.swift; sourceTree = "<group>"; };
		FA100043 /* PartiesView.swift */ = {isa = PBXFileReference; lastKnownFileType = sourcecode.swift; path = PartiesView.swift; sourceTree = "<group>"; };
		FA100044 /* PartyDetailView.swift */ = {isa = PBXFileReference; lastKnownFileType = sourcecode.swift; path = PartyDetailView.swift; sourceTree = "<group>"; };
		FA100045 /* CreatePartyView.swift */ = {isa = PBXFileReference; lastKnownFileType = sourcecode.swift; path = CreatePartyView.swift; sourceTree = "<group>"; };
		FA100046 /* HostDashboardView.swift */ = {isa = PBXFileReference; lastKnownFileType = sourcecode.swift; path = HostDashboardView.swift; sourceTree = "<group>"; };
		FA100047 /* SponsorActivation.swift */ = {isa = PBXFileReference; lastKnownFileType = sourcecode.swift; path = SponsorActivation.swift; sourceTree = "<group>"; };
		FA100048 /* SponsorService.swift */ = {isa = PBXFileReference; lastKnownFileType = sourcecode.swift; path = SponsorService.swift; sourceTree = "<group>"; };
		FA100049 /* AnalyticsService.swift */ = {isa = PBXFileReference; lastKnownFileType = sourcecode.swift; path = AnalyticsService.swift; sourceTree = "<group>"; };
		FA100050 /* FestivalSummaryView.swift */ = {isa = PBXFileReference; lastKnownFileType = sourcecode.swift; path = FestivalSummaryView.swift; sourceTree = "<group>"; };
		FA100060 /* DebugLogger.swift */ = {isa = PBXFileReference; lastKnownFileType = sourcecode.swift; path = DebugLogger.swift; sourceTree = "<group>"; };
		FA100061 /* KeychainHelper.swift */ = {isa = PBXFileReference; lastKnownFileType = sourcecode.swift; path = KeychainHelper.swift; sourceTree = "<group>"; };
		FA200000 /* FestivAir.app */ = {isa = PBXFileReference; explicitFileType = wrapper.application; includeInIndex = 0; path = FestivAir.app; sourceTree = BUILT_PRODUCTS_DIR; };
/* End PBXFileReference section */

/* Begin PBXFrameworksBuildPhase section */
		FA300000 /* Frameworks */ = {
			isa = PBXFrameworksBuildPhase;
			buildActionMask = 2147483647;
			files = (
			);
			runOnlyForDeploymentPostprocessing = 0;
		};
/* End PBXFrameworksBuildPhase section */

/* Begin PBXGroup section */
		195E9842BFE53AE7F5433472 /* Models */ = {
			isa = PBXGroup;
			children = (
				B18892BD3FD344CE44117EA5 /* MeetupPin.swift */,
				1559BEEC51BB1B6BD87AB51B /* UserStatus.swift */,
				32811D64DD5DAF9365935C02 /* Facility.swift */,
				6D31BB2C948F6355357CDB65 /* FestivalVenue.swift */,
			);
			name = Models;
			path = Models;
			sourceTree = "<group>";
		};
		2BD19597447E6BD0DB71B152 /* Map */ = {
			isa = PBXGroup;
			children = (
			);
			name = Map;
			sourceTree = "<group>";
		};
		5010D68C89218DC34E08CF77 /* Settings */ = {
			isa = PBXGroup;
			children = (
				72F32915774BD3B194646905 /* PrivacyPolicyView.swift */,
				3032CF85A85E48273BE1F9A7 /* TermsOfServiceView.swift */,
			);
			name = Settings;
			sourceTree = "<group>";
		};
		6F3CC33F8CE26E28555BBC1F /* Views */ = {
			isa = PBXGroup;
			children = (
				CB90583D5AC2FE020CB40AD2 /* Squad */,
				E8594871E45603E20EC23F3E /* Map */,
				D5EB80E34C613016AE30915B /* Settings */,
			);
			name = Views;
			path = Views;
			sourceTree = "<group>";
		};
		8BC73D49E392A6B348D73443 /* Views */ = {
			isa = PBXGroup;
			children = (
				5010D68C89218DC34E08CF77 /* Settings */,
			);
			name = Views;
			sourceTree = "<group>";
		};
		B4ACB3A102921687DCCA2663 /* Services */ = {
			isa = PBXGroup;
			children = (
				ED423ECB54015D8469849A7E /* OfflineMapService.swift */,
				C31DAA4D43D20183091F3EAE /* ProximityHapticsManager.swift */,
			);
			name = Services;
			path = Services;
			sourceTree = "<group>";
		};
		CB90583D5AC2FE020CB40AD2 /* Squad */ = {
			isa = PBXGroup;
			children = (
				7B5B92B291AC48A8D6D27A16 /* MeetupPinSheet.swift */,
				D5DF3A50BE907782B4154A02 /* MeetupPinAnnotationView.swift */,
				8F5F60D5A0655FD44ACF2A81 /* CompassArrowView.swift */,
				4173C3AFFFF0D531044B121B /* StatusPickerView.swift */,
				4AB300A529F3B2EE8EB97A0E /* StatusBadgeView.swift */,
			);
			name = Squad;
			path = Squad;
			sourceTree = "<group>";
		};
		D5EB80E34C613016AE30915B /* Settings */ = {
			isa = PBXGroup;
			children = (
				4E23BF3E3DAEE5180A176507 /* OfflineMapsView.swift */,
			);
			name = Settings;
			path = Settings;
			sourceTree = "<group>";
		};
		E8594871E45603E20EC23F3E /* Map */ = {
			isa = PBXGroup;
			children = (
				DC0F56E579DF515E3C30C55F /* FacilityAnnotationView.swift */,
				5FF27C8C8D847ECE4366383E /* FacilityFilterBar.swift */,
				B9461A15400A977C8CCE3DF8 /* NearestFacilityView.swift */,
				B4EAC8CAB10A1319CA039C7D /* FacilityDetailSheet.swift */,
			);
			name = Map;
			path = Map;
			sourceTree = "<group>";
		};
		FA400000 = {
			isa = PBXGroup;
			children = (
				FA400001 /* App */,
				FA400002 /* Models */,
				FA400003 /* Services */,
				FA400004 /* ViewModels */,
				FA400005 /* Views */,
				FA400006 /* Utilities */,
				FA400007 /* Resources */,
				FA400099 /* Products */,
				195E9842BFE53AE7F5433472 /* Models */,
				B4ACB3A102921687DCCA2663 /* Services */,
				6F3CC33F8CE26E28555BBC1F /* Views */,
				FF1566103342A823886C3348 /* FestivAir */,
			);
			sourceTree = "<group>";
		};
		FA400001 /* App */ = {
			isa = PBXGroup;
			children = (
				FA100001 /* FestivAirApp.swift */,
				FA100002 /* AppDelegate.swift */,
			);
			path = App;
			sourceTree = "<group>";
		};
		FA400002 /* Models */ = {
			isa = PBXGroup;
			children = (
				FA100003 /* User.swift */,
				FA100004 /* Squad.swift */,
				FA100005 /* Event.swift */,
				FA100006 /* SetTime.swift */,
				FA100007 /* ChatMessage.swift */,
				FA100040 /* Party.swift */,
				FA100041 /* PartyAttendee.swift */,
				FA100047 /* SponsorActivation.swift */,
			);
			path = Models;
			sourceTree = "<group>";
		};
		FA400003 /* Services */ = {
			isa = PBXGroup;
			children = (
				FA100008 /* MeshNetworkManager.swift */,
				FA100009 /* MeshCoordinator.swift */,
				FA100010 /* LocationManager.swift */,
				FA100011 /* GatewayManager.swift */,
				FA100012 /* CloudKitService.swift */,
				FA100013 /* SyncEngine.swift */,
				FA100014 /* NotificationManager.swift */,
				FA100015 /* PeerTracker.swift */,
				FA100035 /* ImageCacheService.swift */,
				FA100038 /* SubscriptionManager.swift */,
				FA100048 /* SponsorService.swift */,
				FA100049 /* AnalyticsService.swift */,
				FA100060 /* DebugLogger.swift */,
				FA100061 /* KeychainHelper.swift */,
				82D950024CB9E274C8CDDB8E /* AppleAuthService.swift */,
			);
			path = Services;
			sourceTree = "<group>";
		};
		FA400004 /* ViewModels */ = {
			isa = PBXGroup;
			children = (
				FA100016 /* SquadViewModel.swift */,
				FA100017 /* ChatViewModel.swift */,
				FA100018 /* MapViewModel.swift */,
				FA100019 /* SetTimesViewModel.swift */,
				FA100042 /* PartiesViewModel.swift */,
			);
			path = ViewModels;
			sourceTree = "<group>";
		};
		FA400005 /* Views */ = {
			isa = PBXGroup;
			children = (
				FA100020 /* ContentView.swift */,
				FA400010 /* Onboarding */,
				FA400011 /* Squad */,
				FA400012 /* SetTimes */,
				FA400013 /* Settings */,
				FA400014 /* Profile */,
				FA400015 /* Premium */,
				FA400016 /* Parties */,
				FA400017 /* Analytics */,
				2BD19597447E6BD0DB71B152 /* Map */,
			);
			path = Views;
			sourceTree = "<group>";
		};
		FA400006 /* Utilities */ = {
			isa = PBXGroup;
			children = (
				FA100029 /* Constants.swift */,
				FA100030 /* Extensions.swift */,
				35EBDF0112E44416898A7FCC /* Logger.swift */,
			);
			path = Utilities;
			sourceTree = "<group>";
		};
		FA400007 /* Resources */ = {
			isa = PBXGroup;
			children = (
				FA100031 /* Assets.xcassets */,
				FA100032 /* sample_festivals.json */,
				FA100033 /* FestivAir.entitlements */,
				FA100034 /* Info.plist */,
			);
			path = Resources;
			sourceTree = "<group>";
		};
		FA400010 /* Onboarding */ = {
			isa = PBXGroup;
			children = (
				FA100021 /* OnboardingView.swift */,
			);
			path = Onboarding;
			sourceTree = "<group>";
		};
		FA400011 /* Squad */ = {
			isa = PBXGroup;
			children = (
				FA100022 /* SquadMapView.swift */,
				FA100023 /* MemberListView.swift */,
				FA100024 /* JoinSquadView.swift */,
				FA100025 /* QRCodeView.swift */,
				FA100026 /* ChatView.swift */,
			);
			path = Squad;
			sourceTree = "<group>";
		};
		FA400012 /* SetTimes */ = {
			isa = PBXGroup;
			children = (
				FA100027 /* SetTimesView.swift */,
			);
			path = SetTimes;
			sourceTree = "<group>";
		};
		FA400013 /* Settings */ = {
			isa = PBXGroup;
			children = (
				FA100028 /* SettingsView.swift */,
			);
			path = Settings;
			sourceTree = "<group>";
		};
		FA400014 /* Profile */ = {
			isa = PBXGroup;
			children = (
				FA100036 /* ProfileView.swift */,
				FA100037 /* EditProfileView.swift */,
			);
			path = Profile;
			sourceTree = "<group>";
		};
		FA400015 /* Premium */ = {
			isa = PBXGroup;
			children = (
				FA100039 /* PaywallView.swift */,
			);
			path = Premium;
			sourceTree = "<group>";
		};
		FA400016 /* Parties */ = {
			isa = PBXGroup;
			children = (
				FA100043 /* PartiesView.swift */,
				FA100044 /* PartyDetailView.swift */,
				FA100045 /* CreatePartyView.swift */,
				FA100046 /* HostDashboardView.swift */,
			);
			path = Parties;
			sourceTree = "<group>";
		};
		FA400017 /* Analytics */ = {
			isa = PBXGroup;
			children = (
				FA100050 /* FestivalSummaryView.swift */,
			);
			path = Analytics;
			sourceTree = "<group>";
		};
		FA400099 /* Products */ = {
			isa = PBXGroup;
			children = (
				FA200000 /* FestivAir.app */,
			);
			name = Products;
			sourceTree = "<group>";
		};
		FF1566103342A823886C3348 /* FestivAir */ = {
			isa = PBXGroup;
			children = (
				8BC73D49E392A6B348D73443 /* Views */,
			);
			name = FestivAir;
			sourceTree = "<group>";
		};
/* End PBXGroup section */

/* Begin PBXNativeTarget section */
		FA500000 /* FestivAir */ = {
			isa = PBXNativeTarget;
			buildConfigurationList = FA700000 /* Build configuration list for PBXNativeTarget "FestivAir" */;
			buildPhases = (
				FA500001 /* Sources */,
				FA300000 /* Frameworks */,
				FA500002 /* Resources */,
			);
			buildRules = (
			);
			dependencies = (
			);
			name = FestivAir;
			productName = FestivAir;
			productReference = FA200000 /* FestivAir.app */;
			productType = "com.apple.product-type.application";
		};
/* End PBXNativeTarget section */

/* Begin PBXProject section */
		FA600000 /* Project object */ = {
			isa = PBXProject;
			attributes = {
				BuildIndependentTargetsInParallel = 1;
				LastSwiftUpdateCheck = 1500;
				LastUpgradeCheck = 2620;
				TargetAttributes = {
					FA500000 = {
						CreatedOnToolsVersion = 15.0;
					};
				};
			};
			buildConfigurationList = FA700001 /* Build configuration list for PBXProject "FestivAir" */;
			compatibilityVersion = "Xcode 14.0";
			developmentRegion = en;
			hasScannedForEncodings = 0;
			knownRegions = (
				en,
				Base,
			);
			mainGroup = FA400000;
			productRefGroup = FA400099 /* Products */;
			projectDirPath = "";
			projectRoot = "";
			targets = (
				FA500000 /* FestivAir */,
			);
		};
/* End PBXProject section */

/* Begin PBXResourcesBuildPhase section */
		FA500002 /* Resources */ = {
			isa = PBXResourcesBuildPhase;
			buildActionMask = 2147483647;
			files = (
				FA000031 /* Assets.xcassets in Resources */,
				FA000032 /* sample_festivals.json in Resources */,
			);
			runOnlyForDeploymentPostprocessing = 0;
		};
/* End PBXResourcesBuildPhase section */

/* Begin PBXSourcesBuildPhase section */
		FA500001 /* Sources */ = {
			isa = PBXSourcesBuildPhase;
			buildActionMask = 2147483647;
			files = (
				FA000001 /* FestivAirApp.swift in Sources */,
				FA000002 /* AppDelegate.swift in Sources */,
				FA000003 /* User.swift in Sources */,
				FA000004 /* Squad.swift in Sources */,
				FA000005 /* Event.swift in Sources */,
				FA000006 /* SetTime.swift in Sources */,
				FA000007 /* ChatMessage.swift in Sources */,
				FA000008 /* MeshNetworkManager.swift in Sources */,
				FA000009 /* MeshCoordinator.swift in Sources */,
				FA000010 /* LocationManager.swift in Sources */,
				FA000011 /* GatewayManager.swift in Sources */,
				FA000012 /* CloudKitService.swift in Sources */,
				FA000013 /* SyncEngine.swift in Sources */,
				FA000014 /* NotificationManager.swift in Sources */,
				FA000015 /* PeerTracker.swift in Sources */,
				FA000016 /* SquadViewModel.swift in Sources */,
				FA000017 /* ChatViewModel.swift in Sources */,
				FA000018 /* MapViewModel.swift in Sources */,
				FA000019 /* SetTimesViewModel.swift in Sources */,
				FA000020 /* ContentView.swift in Sources */,
				FA000021 /* OnboardingView.swift in Sources */,
				FA000022 /* SquadMapView.swift in Sources */,
				FA000023 /* MemberListView.swift in Sources */,
				FA000024 /* JoinSquadView.swift in Sources */,
				FA000025 /* QRCodeView.swift in Sources */,
				FA000026 /* ChatView.swift in Sources */,
				FA000027 /* SetTimesView.swift in Sources */,
				FA000028 /* SettingsView.swift in Sources */,
				FA000029 /* Constants.swift in Sources */,
				FA000030 /* Extensions.swift in Sources */,
				FA000033 /* ImageCacheService.swift in Sources */,
				FA000034 /* ProfileView.swift in Sources */,
				FA000035 /* EditProfileView.swift in Sources */,
				FA000036 /* SubscriptionManager.swift in Sources */,
				FA000037 /* PaywallView.swift in Sources */,
				FA000038 /* Party.swift in Sources */,
				FA000039 /* PartyAttendee.swift in Sources */,
				FA000040 /* PartiesViewModel.swift in Sources */,
				FA000041 /* PartiesView.swift in Sources */,
				FA000042 /* PartyDetailView.swift in Sources */,
				FA000043 /* CreatePartyView.swift in Sources */,
				FA000044 /* HostDashboardView.swift in Sources */,
				FA000045 /* SponsorActivation.swift in Sources */,
				FA000046 /* SponsorService.swift in Sources */,
				FA000047 /* AnalyticsService.swift in Sources */,
				FA000048 /* FestivalSummaryView.swift in Sources */,
				FA000060 /* DebugLogger.swift in Sources */,
				FA000061 /* KeychainHelper.swift in Sources */,
				B0067691B1A8879982572508 /* MeetupPin.swift in Sources */,
				7E75DDADCAEE5E0BD23B9B59 /* UserStatus.swift in Sources */,
				860AB547076DC66D990AD42F /* Facility.swift in Sources */,
				9CDA09B654F9D71347442C1D /* FestivalVenue.swift in Sources */,
				D1B8D73A257EBA46E0E9003B /* OfflineMapService.swift in Sources */,
				D95786093BF97D77316E6BDA /* ProximityHapticsManager.swift in Sources */,
				5ADFC9427F1529C696F03214 /* MeetupPinSheet.swift in Sources */,
				3130C2334D8C4D3F2BCA6EEF /* MeetupPinAnnotationView.swift in Sources */,
				6C83B227D2B4A5135E5EFD92 /* CompassArrowView.swift in Sources */,
				E1D7A3E9088291E95CC419E6 /* StatusPickerView.swift in Sources */,
				AB4661981DEB57F5F4C010B5 /* StatusBadgeView.swift in Sources */,
				191063C0FB80E6BB52A1E3D0 /* FacilityAnnotationView.swift in Sources */,
				C64ECA9B094221DC27DA0605 /* FacilityFilterBar.swift in Sources */,
				34C778E2AF623D621FAF0FB0 /* NearestFacilityView.swift in Sources */,
				F80DF14C344780E2743AA3F4 /* FacilityDetailSheet.swift in Sources */,
				9CBB535C5AA864557A90B02D /* OfflineMapsView.swift in Sources */,
				CE9A4401F4C134150AF3BC3A /* PrivacyPolicyView.swift in Sources */,
				B9076D0E6E68951001E57877 /* TermsOfServiceView.swift in Sources */,
				284E3C76D2C8EA545D5E83EA /* Logger.swift in Sources */,
				51CF225CE78AD13497333411 /* AppleAuthService.swift in Sources */,
			);
			runOnlyForDeploymentPostprocessing = 0;
		};
/* End PBXSourcesBuildPhase section */

/* Begin XCBuildConfiguration section */
		FA800000 /* Debug */ = {
			isa = XCBuildConfiguration;
			buildSettings = {
				ALWAYS_SEARCH_USER_PATHS = NO;
				ASSETCATALOG_COMPILER_GENERATE_SWIFT_ASSET_SYMBOL_EXTENSIONS = YES;
				CLANG_ANALYZER_NONNULL = YES;
				CLANG_ANALYZER_NUMBER_OBJECT_CONVERSION = YES_AGGRESSIVE;
				CLANG_CXX_LANGUAGE_STANDARD = "gnu++20";
				CLANG_ENABLE_MODULES = YES;
				CLANG_ENABLE_OBJC_ARC = YES;
				CLANG_ENABLE_OBJC_WEAK = YES;
				CLANG_WARN_BLOCK_CAPTURE_AUTORELEASING = YES;
				CLANG_WARN_BOOL_CONVERSION = YES;
				CLANG_WARN_COMMA = YES;
				CLANG_WARN_CONSTANT_CONVERSION = YES;
				CLANG_WARN_DEPRECATED_OBJC_IMPLEMENTATIONS = YES;
				CLANG_WARN_DIRECT_OBJC_ISA_USAGE = YES_ERROR;
				CLANG_WARN_DOCUMENTATION_COMMENTS = YES;
				CLANG_WARN_EMPTY_BODY = YES;
				CLANG_WARN_ENUM_CONVERSION = YES;
				CLANG_WARN_INFINITE_RECURSION = YES;
				CLANG_WARN_INT_CONVERSION = YES;
				CLANG_WARN_NON_LITERAL_NULL_CONVERSION = YES;
				CLANG_WARN_OBJC_IMPLICIT_RETAIN_SELF = YES;
				CLANG_WARN_OBJC_LITERAL_CONVERSION = YES;
				CLANG_WARN_OBJC_ROOT_CLASS = YES_ERROR;
				CLANG_WARN_QUOTED_INCLUDE_IN_FRAMEWORK_HEADER = YES;
				CLANG_WARN_RANGE_LOOP_ANALYSIS = YES;
				CLANG_WARN_STRICT_PROTOTYPES = YES;
				CLANG_WARN_SUSPICIOUS_MOVE = YES;
				CLANG_WARN_UNGUARDED_AVAILABILITY = YES_AGGRESSIVE;
				CLANG_WARN_UNREACHABLE_CODE = YES;
				CLANG_WARN__DUPLICATE_METHOD_MATCH = YES;
				COPY_PHASE_STRIP = NO;
				DEBUG_INFORMATION_FORMAT = dwarf;
				DEVELOPMENT_TEAM = 8JZLCG9CS2;
				ENABLE_STRICT_OBJC_MSGSEND = YES;
				ENABLE_TESTABILITY = YES;
				ENABLE_USER_SCRIPT_SANDBOXING = YES;
				GCC_C_LANGUAGE_STANDARD = gnu17;
				GCC_DYNAMIC_NO_PIC = NO;
				GCC_NO_COMMON_BLOCKS = YES;
				GCC_OPTIMIZATION_LEVEL = 0;
				GCC_PREPROCESSOR_DEFINITIONS = (
					"DEBUG=1",
					"$(inherited)",
				);
				GCC_WARN_64_TO_32_BIT_CONVERSION = YES;
				GCC_WARN_ABOUT_RETURN_TYPE = YES_ERROR;
				GCC_WARN_UNDECLARED_SELECTOR = YES;
				GCC_WARN_UNINITIALIZED_AUTOS = YES_AGGRESSIVE;
				GCC_WARN_UNUSED_FUNCTION = YES;
				GCC_WARN_UNUSED_VARIABLE = YES;
				IPHONEOS_DEPLOYMENT_TARGET = 17.0;
				LOCALIZATION_PREFERS_STRING_CATALOGS = YES;
				MTL_ENABLE_DEBUG_INFO = INCLUDE_SOURCE;
				MTL_FAST_MATH = YES;
				ONLY_ACTIVE_ARCH = YES;
				SDKROOT = iphoneos;
				STRING_CATALOG_GENERATE_SYMBOLS = YES;
				SWIFT_ACTIVE_COMPILATION_CONDITIONS = "DEBUG $(inherited)";
				SWIFT_OPTIMIZATION_LEVEL = "-Onone";
				SWIFT_VERSION = 5.0;
			};
			name = Debug;
		};
		FA800001 /* Release */ = {
			isa = XCBuildConfiguration;
			buildSettings = {
				ALWAYS_SEARCH_USER_PATHS = NO;
				ASSETCATALOG_COMPILER_GENERATE_SWIFT_ASSET_SYMBOL_EXTENSIONS = YES;
				CLANG_ANALYZER_NONNULL = YES;
				CLANG_ANALYZER_NUMBER_OBJECT_CONVERSION = YES_AGGRESSIVE;
				CLANG_CXX_LANGUAGE_STANDARD = "gnu++20";
				CLANG_ENABLE_MODULES = YES;
				CLANG_ENABLE_OBJC_ARC = YES;
				CLANG_ENABLE_OBJC_WEAK = YES;
				CLANG_WARN_BLOCK_CAPTURE_AUTORELEASING = YES;
				CLANG_WARN_BOOL_CONVERSION = YES;
				CLANG_WARN_COMMA = YES;
				CLANG_WARN_CONSTANT_CONVERSION = YES;
				CLANG_WARN_DEPRECATED_OBJC_IMPLEMENTATIONS = YES;
				CLANG_WARN_DIRECT_OBJC_ISA_USAGE = YES_ERROR;
				CLANG_WARN_DOCUMENTATION_COMMENTS = YES;
				CLANG_WARN_EMPTY_BODY = YES;
				CLANG_WARN_ENUM_CONVERSION = YES;
				CLANG_WARN_INFINITE_RECURSION = YES;
				CLANG_WARN_INT_CONVERSION = YES;
				CLANG_WARN_NON_LITERAL_NULL_CONVERSION = YES;
				CLANG_WARN_OBJC_IMPLICIT_RETAIN_SELF = YES;
				CLANG_WARN_OBJC_LITERAL_CONVERSION = YES;
				CLANG_WARN_OBJC_ROOT_CLASS = YES_ERROR;
				CLANG_WARN_QUOTED_INCLUDE_IN_FRAMEWORK_HEADER = YES;
				CLANG_WARN_RANGE_LOOP_ANALYSIS = YES;
				CLANG_WARN_STRICT_PROTOTYPES = YES;
				CLANG_WARN_SUSPICIOUS_MOVE = YES;
				CLANG_WARN_UNGUARDED_AVAILABILITY = YES_AGGRESSIVE;
				CLANG_WARN_UNREACHABLE_CODE = YES;
				CLANG_WARN__DUPLICATE_METHOD_MATCH = YES;
				COPY_PHASE_STRIP = NO;
				DEBUG_INFORMATION_FORMAT = "dwarf-with-dsym";
				DEVELOPMENT_TEAM = 8JZLCG9CS2;
				ENABLE_NS_ASSERTIONS = NO;
				ENABLE_STRICT_OBJC_MSGSEND = YES;
				ENABLE_USER_SCRIPT_SANDBOXING = YES;
				GCC_C_LANGUAGE_STANDARD = gnu17;
				GCC_NO_COMMON_BLOCKS = YES;
				GCC_WARN_64_TO_32_BIT_CONVERSION = YES;
				GCC_WARN_ABOUT_RETURN_TYPE = YES_ERROR;
				GCC_WARN_UNDECLARED_SELECTOR = YES;
				GCC_WARN_UNINITIALIZED_AUTOS = YES_AGGRESSIVE;
				GCC_WARN_UNUSED_FUNCTION = YES;
				GCC_WARN_UNUSED_VARIABLE = YES;
				IPHONEOS_DEPLOYMENT_TARGET = 17.0;
				LOCALIZATION_PREFERS_STRING_CATALOGS = YES;
				MTL_ENABLE_DEBUG_INFO = NO;
				MTL_FAST_MATH = YES;
				SDKROOT = iphoneos;
				STRING_CATALOG_GENERATE_SYMBOLS = YES;
				SWIFT_COMPILATION_MODE = wholemodule;
				SWIFT_VERSION = 5.0;
				VALIDATE_PRODUCT = YES;
			};
			name = Release;
		};
		FA800002 /* Debug */ = {
			isa = XCBuildConfiguration;
			buildSettings = {
				ASSETCATALOG_COMPILER_APPICON_NAME = AppIcon;
				ASSETCATALOG_COMPILER_GLOBAL_ACCENT_COLOR_NAME = AccentColor;
				CODE_SIGN_ENTITLEMENTS = Resources/FestivAir.entitlements;
				CODE_SIGN_STYLE = Automatic;
				CURRENT_PROJECT_VERSION = 7;
				ENABLE_PREVIEWS = YES;
				GENERATE_INFOPLIST_FILE = NO;
				INFOPLIST_FILE = Resources/Info.plist;
				INFOPLIST_KEY_CFBundleDisplayName = FestivAir;
				INFOPLIST_KEY_LSApplicationCategoryType = "public.app-category.social-networking";
				INFOPLIST_KEY_UIApplicationSceneManifest_Generation = YES;
				INFOPLIST_KEY_UIApplicationSupportsIndirectInputEvents = YES;
				INFOPLIST_KEY_UILaunchScreen_Generation = YES;
				INFOPLIST_KEY_UISupportedInterfaceOrientations = UIInterfaceOrientationPortrait;
				LD_RUNPATH_SEARCH_PATHS = (
					"$(inherited)",
					"@executable_path/Frameworks",
				);
				MARKETING_VERSION = 1.0;
				PRODUCT_BUNDLE_IDENTIFIER = com.festivair.app;
				PRODUCT_NAME = "$(TARGET_NAME)";
				SWIFT_EMIT_LOC_STRINGS = YES;
				SWIFT_VERSION = 5.0;
				TARGETED_DEVICE_FAMILY = "1,2";
			};
			name = Debug;
		};
		FA800003 /* Release */ = {
			isa = XCBuildConfiguration;
			buildSettings = {
				ASSETCATALOG_COMPILER_APPICON_NAME = AppIcon;
				ASSETCATALOG_COMPILER_GLOBAL_ACCENT_COLOR_NAME = AccentColor;
				CODE_SIGN_ENTITLEMENTS = Resources/FestivAir.entitlements;
				CODE_SIGN_STYLE = Automatic;
				CURRENT_PROJECT_VERSION = 7;
				ENABLE_PREVIEWS = YES;
				GENERATE_INFOPLIST_FILE = NO;
				INFOPLIST_FILE = Resources/Info.plist;
				INFOPLIST_KEY_CFBundleDisplayName = FestivAir;
				INFOPLIST_KEY_LSApplicationCategoryType = "public.app-category.social-networking";
				INFOPLIST_KEY_UIApplicationSceneManifest_Generation = YES;
				INFOPLIST_KEY_UIApplicationSupportsIndirectInputEvents = YES;
				INFOPLIST_KEY_UILaunchScreen_Generation = YES;
				INFOPLIST_KEY_UISupportedInterfaceOrientations = UIInterfaceOrientationPortrait;
				LD_RUNPATH_SEARCH_PATHS = (
					"$(inherited)",
					"@executable_path/Frameworks",
				);
				MARKETING_VERSION = 1.0;
				PRODUCT_BUNDLE_IDENTIFIER = com.festivair.app;
				PRODUCT_NAME = "$(TARGET_NAME)";
				SWIFT_EMIT_LOC_STRINGS = YES;
				SWIFT_VERSION = 5.0;
				TARGETED_DEVICE_FAMILY = "1,2";
			};
			name = Release;
		};
/* End XCBuildConfiguration section */

/* Begin XCConfigurationList section */
		FA700000 /* Build configuration list for PBXNativeTarget "FestivAir" */ = {
			isa = XCConfigurationList;
			buildConfigurations = (
				FA800002 /* Debug */,
				FA800003 /* Release */,
			);
			defaultConfigurationIsVisible = 0;
			defaultConfigurationName = Release;
		};
		FA700001 /* Build configuration list for PBXProject "FestivAir" */ = {
			isa = XCConfigurationList;
			buildConfigurations = (
				FA800000 /* Debug */,
				FA800001 /* Release */,
			);
			defaultConfigurationIsVisible = 0;
			defaultConfigurationName = Release;
		};
/* End XCConfigurationList section */
	};
	rootObject = FA600000 /* Project object */;
}
